
Microsoft Visual Studio Solution File, Format Version 12.00
# Visual Studio Version 16
VisualStudioVersion = 16.0.31515.178
MinimumVisualStudioVersion = 10.0.40219.1
Project("{2150E333-8FDC-42A3-9474-1A3956D46DE8}") = "src", "src", "{50AF4CFF-7A13-43F4-99CE-9DA5ED8C655D}"
EndProject
Project("{2150E333-8FDC-42A3-9474-1A3956D46DE8}") = "Building Blocks", "Building Blocks", "{217F8BD0-C662-4534-BF6C-2A772B62CAD0}"
EndProject
Project("{2150E333-8FDC-42A3-9474-1A3956D46DE8}") = "Services", "Services", "{C3FDCE61-F031-4528-ACEF-4608771AEFF7}"
EndProject
Project("{2150E333-8FDC-42A3-9474-1A3956D46DE8}") = "Web", "Web", "{35605CE0-E346-4DB9-B20F-9971BB5B05FE}"
EndProject
Project("{2150E333-8FDC-42A3-9474-1A3956D46DE8}") = "Identity", "Identity", "{DBDF6FF3-37A5-44F6-B732-3C812624272E}"
EndProject
Project("{2150E333-8FDC-42A3-9474-1A3956D46DE8}") = "Cart", "Cart", "{69E5BD9F-ABAA-4FA0-91D0-78748C8A45D2}"
EndProject
Project("{9A19103F-16F7-4668-BE54-9A1E7A4F7556}") = "AMSE.Identity.API", "src\services\AMSE.Identity.API\AMSE.Identity.API.csproj", "{B8716674-451F-47A3-94A6-F95DF78D428A}"
EndProject
Project("{2150E333-8FDC-42A3-9474-1A3956D46DE8}") = "MVC", "MVC", "{261F8A22-35EF-4878-A336-FB48BE6850CB}"
EndProject
Project("{FAE04EC0-301F-11D3-BF4B-00C04F79EFBC}") = "AMSE.WebApp.MVC", "src\web\AMSE.WebApp.MVC\AMSE.WebApp.MVC.csproj", "{19A37B0A-615F-40F8-9AFB-E90E0F632704}"
EndProject
Project("{2150E333-8FDC-42A3-9474-1A3956D46DE8}") = "Core", "Core", "{81933E41-1DA3-4123-AB27-4862C2A0C96D}"
EndProject
Project("{FAE04EC0-301F-11D3-BF4B-00C04F79EFBC}") = "AMSE.Core", "src\buildind blocks\AMSE.Core\AMSE.Core.csproj", "{101AF4E0-C857-43ED-B102-9645BA0637E1}"
EndProject
Project("{2150E333-8FDC-42A3-9474-1A3956D46DE8}") = "Catalog", "Catalog", "{E68719A5-D886-4F7F-A664-49EA7CCB13FD}"
EndProject
Project("{2150E333-8FDC-42A3-9474-1A3956D46DE8}") = "Client", "Client", "{207CE4E1-A3DB-4659-BA8A-5D6563934B1F}"
EndProject
Project("{2150E333-8FDC-42A3-9474-1A3956D46DE8}") = "Payment", "Payment", "{05687A39-10D3-454A-9CFF-014ABF3082D8}"
EndProject
Project("{2150E333-8FDC-42A3-9474-1A3956D46DE8}") = "Order", "Order", "{50F0AD5E-458A-41C4-9098-F45C6FC13458}"
EndProject
Project("{FAE04EC0-301F-11D3-BF4B-00C04F79EFBC}") = "AMSE.Cart.API", "src\services\AMSE.Cart.API\AMSE.Cart.API.csproj", "{2F21C18A-35C2-4FED-9186-823452BF2EE2}"
EndProject
Project("{FAE04EC0-301F-11D3-BF4B-00C04F79EFBC}") = "AMSE.Catalog.API", "src\services\AMSE.Catalog.API\AMSE.Catalog.API.csproj", "{FA6FB9AF-31A4-43FB-9E03-F001F96A4671}"
EndProject
Project("{FAE04EC0-301F-11D3-BF4B-00C04F79EFBC}") = "AMSE.Client.API", "src\services\AMSE.Client.API\AMSE.Client.API.csproj", "{8DA93068-F88C-41B3-B515-98F07633B19B}"
EndProject
Project("{FAE04EC0-301F-11D3-BF4B-00C04F79EFBC}") = "AMSE.Order.API", "src\services\AMSE.Order.API\AMSE.Order.API.csproj", "{93DD309D-4220-4DE0-B9D1-DCCB7B791332}"
EndProject
Project("{FAE04EC0-301F-11D3-BF4B-00C04F79EFBC}") = "AMSE.Payment.API", "src\services\AMSE.Payment.API\AMSE.Payment.API.csproj", "{BA00121F-8A5A-4454-A171-47A25B08E67E}"
EndProject
Global
	GlobalSection(SolutionConfigurationPlatforms) = preSolution
		Debug|Any CPU = Debug|Any CPU
		Release|Any CPU = Release|Any CPU
	EndGlobalSection
	GlobalSection(ProjectConfigurationPlatforms) = postSolution
		{B8716674-451F-47A3-94A6-F95DF78D428A}.Debug|Any CPU.ActiveCfg = Debug|Any CPU
		{B8716674-451F-47A3-94A6-F95DF78D428A}.Debug|Any CPU.Build.0 = Debug|Any CPU
		{B8716674-451F-47A3-94A6-F95DF78D428A}.Release|Any CPU.ActiveCfg = Release|Any CPU
		{B8716674-451F-47A3-94A6-F95DF78D428A}.Release|Any CPU.Build.0 = Release|Any CPU
		{19A37B0A-615F-40F8-9AFB-E90E0F632704}.Debug|Any CPU.ActiveCfg = Debug|Any CPU
		{19A37B0A-615F-40F8-9AFB-E90E0F632704}.Debug|Any CPU.Build.0 = Debug|Any CPU
		{19A37B0A-615F-40F8-9AFB-E90E0F632704}.Release|Any CPU.ActiveCfg = Release|Any CPU
		{19A37B0A-615F-40F8-9AFB-E90E0F632704}.Release|Any CPU.Build.0 = Release|Any CPU
		{101AF4E0-C857-43ED-B102-9645BA0637E1}.Debug|Any CPU.ActiveCfg = Debug|Any CPU
		{101AF4E0-C857-43ED-B102-9645BA0637E1}.Debug|Any CPU.Build.0 = Debug|Any CPU
		{101AF4E0-C857-43ED-B102-9645BA0637E1}.Release|Any CPU.ActiveCfg = Release|Any CPU
		{101AF4E0-C857-43ED-B102-9645BA0637E1}.Release|Any CPU.Build.0 = Release|Any CPU
		{2F21C18A-35C2-4FED-9186-823452BF2EE2}.Debug|Any CPU.ActiveCfg = Debug|Any CPU
		{2F21C18A-35C2-4FED-9186-823452BF2EE2}.Debug|Any CPU.Build.0 = Debug|Any CPU
		{2F21C18A-35C2-4FED-9186-823452BF2EE2}.Release|Any CPU.ActiveCfg = Release|Any CPU
		{2F21C18A-35C2-4FED-9186-823452BF2EE2}.Release|Any CPU.Build.0 = Release|Any CPU
		{FA6FB9AF-31A4-43FB-9E03-F001F96A4671}.Debug|Any CPU.ActiveCfg = Debug|Any CPU
		{FA6FB9AF-31A4-43FB-9E03-F001F96A4671}.Debug|Any CPU.Build.0 = Debug|Any CPU
		{FA6FB9AF-31A4-43FB-9E03-F001F96A4671}.Release|Any CPU.ActiveCfg = Release|Any CPU
		{FA6FB9AF-31A4-43FB-9E03-F001F96A4671}.Release|Any CPU.Build.0 = Release|Any CPU
		{8DA93068-F88C-41B3-B515-98F07633B19B}.Debug|Any CPU.ActiveCfg = Debug|Any CPU
		{8DA93068-F88C-41B3-B515-98F07633B19B}.Debug|Any CPU.Build.0 = Debug|Any CPU
		{8DA93068-F88C-41B3-B515-98F07633B19B}.Release|Any CPU.ActiveCfg = Release|Any CPU
		{8DA93068-F88C-41B3-B515-98F07633B19B}.Release|Any CPU.Build.0 = Release|Any CPU
		{93DD309D-4220-4DE0-B9D1-DCCB7B791332}.Debug|Any CPU.ActiveCfg = Debug|Any CPU
		{93DD309D-4220-4DE0-B9D1-DCCB7B791332}.Debug|Any CPU.Build.0 = Debug|Any CPU
		{93DD309D-4220-4DE0-B9D1-DCCB7B791332}.Release|Any CPU.ActiveCfg = Release|Any CPU
		{93DD309D-4220-4DE0-B9D1-DCCB7B791332}.Release|Any CPU.Build.0 = Release|Any CPU
		{BA00121F-8A5A-4454-A171-47A25B08E67E}.Debug|Any CPU.ActiveCfg = Debug|Any CPU
		{BA00121F-8A5A-4454-A171-47A25B08E67E}.Debug|Any CPU.Build.0 = Debug|Any CPU
		{BA00121F-8A5A-4454-A171-47A25B08E67E}.Release|Any CPU.ActiveCfg = Release|Any CPU
		{BA00121F-8A5A-4454-A171-47A25B08E67E}.Release|Any CPU.Build.0 = Release|Any CPU
	EndGlobalSection
	GlobalSection(SolutionProperties) = preSolution
		HideSolutionNode = FALSE
	EndGlobalSection
	GlobalSection(NestedProjects) = preSolution
		{217F8BD0-C662-4534-BF6C-2A772B62CAD0} = {50AF4CFF-7A13-43F4-99CE-9DA5ED8C655D}
		{C3FDCE61-F031-4528-ACEF-4608771AEFF7} = {50AF4CFF-7A13-43F4-99CE-9DA5ED8C655D}
		{35605CE0-E346-4DB9-B20F-9971BB5B05FE} = {50AF4CFF-7A13-43F4-99CE-9DA5ED8C655D}
		{DBDF6FF3-37A5-44F6-B732-3C812624272E} = {C3FDCE61-F031-4528-ACEF-4608771AEFF7}
		{69E5BD9F-ABAA-4FA0-91D0-78748C8A45D2} = {C3FDCE61-F031-4528-ACEF-4608771AEFF7}
		{B8716674-451F-47A3-94A6-F95DF78D428A} = {DBDF6FF3-37A5-44F6-B732-3C812624272E}
		{261F8A22-35EF-4878-A336-FB48BE6850CB} = {35605CE0-E346-4DB9-B20F-9971BB5B05FE}
		{19A37B0A-615F-40F8-9AFB-E90E0F632704} = {261F8A22-35EF-4878-A336-FB48BE6850CB}
		{81933E41-1DA3-4123-AB27-4862C2A0C96D} = {217F8BD0-C662-4534-BF6C-2A772B62CAD0}
		{101AF4E0-C857-43ED-B102-9645BA0637E1} = {81933E41-1DA3-4123-AB27-4862C2A0C96D}
		{E68719A5-D886-4F7F-A664-49EA7CCB13FD} = {C3FDCE61-F031-4528-ACEF-4608771AEFF7}
		{207CE4E1-A3DB-4659-BA8A-5D6563934B1F} = {C3FDCE61-F031-4528-ACEF-4608771AEFF7}
		{05687A39-10D3-454A-9CFF-014ABF3082D8} = {C3FDCE61-F031-4528-ACEF-4608771AEFF7}
		{50F0AD5E-458A-41C4-9098-F45C6FC13458} = {C3FDCE61-F031-4528-ACEF-4608771AEFF7}
		{2F21C18A-35C2-4FED-9186-823452BF2EE2} = {69E5BD9F-ABAA-4FA0-91D0-78748C8A45D2}
		{FA6FB9AF-31A4-43FB-9E03-F001F96A4671} = {E68719A5-D886-4F7F-A664-49EA7CCB13FD}
		{8DA93068-F88C-41B3-B515-98F07633B19B} = {207CE4E1-A3DB-4659-BA8A-5D6563934B1F}
		{93DD309D-4220-4DE0-B9D1-DCCB7B791332} = {50F0AD5E-458A-41C4-9098-F45C6FC13458}
		{BA00121F-8A5A-4454-A171-47A25B08E67E} = {05687A39-10D3-454A-9CFF-014ABF3082D8}
	EndGlobalSection
	GlobalSection(ExtensibilityGlobals) = postSolution
		SolutionGuid = {5794C718-4E72-4202-868E-9AC86319A9D2}
	EndGlobalSection
EndGlobal
